
Microsoft Visual Studio Solution File, Format Version 12.00
# Visual Studio 14
VisualStudioVersion = 14.0.24720.0
MinimumVisualStudioVersion = 10.0.40219.1
Project("{FAE04EC0-301F-11D3-BF4B-00C04F79EFBC}") = "StarCrucible", "StarCrucible\StarCrucible.csproj", "{A2EB5D0E-5376-49F2-BDA3-C447E34F8E40}"
EndProject
Project("{FAE04EC0-301F-11D3-BF4B-00C04F79EFBC}") = "StarCrucible.Test.Unit", "StarCrucible.Test.Unit\StarCrucible.Test.Unit.csproj", "{161BC9C0-30ED-4C66-B76A-FE92676739D0}"
EndProject
Project("{FAE04EC0-301F-11D3-BF4B-00C04F79EFBC}") = "ElectricHead.GameVc", "ElectricHead.GameVc\ElectricHead.GameVc.csproj", "{A2EB5D0E-5376-49F2-BDA3-C447E34F8F40}"
EndProject
Project("{FAE04EC0-301F-11D3-BF4B-00C04F79EFBC}") = "ElectricHead.GameVc.Test.Unit", "ElectricHead.GameVc.Test.Unit\ElectricHead.GameVc.Test.Unit.csproj", "{161BC9C0-30ED-4C66-B66A-FE92676739D0}"
EndProject
Global
	GlobalSection(SolutionConfigurationPlatforms) = preSolution
		Debug|Any CPU = Debug|Any CPU
		Debug|x86 = Debug|x86
		Release|Any CPU = Release|Any CPU
		Release|x86 = Release|x86
	EndGlobalSection
	GlobalSection(ProjectConfigurationPlatforms) = postSolution
		{A2EB5D0E-5376-49F2-BDA3-C447E34F8E40}.Debug|Any CPU.ActiveCfg = Debug|x86
		{A2EB5D0E-5376-49F2-BDA3-C447E34F8E40}.Debug|x86.ActiveCfg = Debug|x86
		{A2EB5D0E-5376-49F2-BDA3-C447E34F8E40}.Debug|x86.Build.0 = Debug|x86
		{A2EB5D0E-5376-49F2-BDA3-C447E34F8E40}.Release|Any CPU.ActiveCfg = Release|x86
		{A2EB5D0E-5376-49F2-BDA3-C447E34F8E40}.Release|x86.ActiveCfg = Release|x86
		{A2EB5D0E-5376-49F2-BDA3-C447E34F8E40}.Release|x86.Build.0 = Release|x86
		{161BC9C0-30ED-4C66-B76A-FE92676739D0}.Debug|Any CPU.ActiveCfg = Debug|Any CPU
		{161BC9C0-30ED-4C66-B76A-FE92676739D0}.Debug|Any CPU.Build.0 = Debug|Any CPU
		{161BC9C0-30ED-4C66-B76A-FE92676739D0}.Debug|x86.ActiveCfg = Debug|Any CPU
		{161BC9C0-30ED-4C66-B76A-FE92676739D0}.Debug|x86.Build.0 = Debug|Any CPU
		{161BC9C0-30ED-4C66-B76A-FE92676739D0}.Release|Any CPU.ActiveCfg = Release|Any CPU
		{161BC9C0-30ED-4C66-B76A-FE92676739D0}.Release|Any CPU.Build.0 = Release|Any CPU
		{161BC9C0-30ED-4C66-B76A-FE92676739D0}.Release|x86.ActiveCfg = Release|Any CPU
		{161BC9C0-30ED-4C66-B76A-FE92676739D0}.Release|x86.Build.0 = Release|Any CPU
		{A2EB5D0E-5376-49F2-BDA3-C447E34F8F40}.Debug|Any CPU.ActiveCfg = Debug|x86
		{A2EB5D0E-5376-49F2-BDA3-C447E34F8F40}.Debug|x86.ActiveCfg = Debug|x86
		{A2EB5D0E-5376-49F2-BDA3-C447E34F8F40}.Debug|x86.Build.0 = Debug|x86
		{A2EB5D0E-5376-49F2-BDA3-C447E34F8F40}.Release|Any CPU.ActiveCfg = Release|x86
		{A2EB5D0E-5376-49F2-BDA3-C447E34F8F40}.Release|x86.ActiveCfg = Release|x86
		{A2EB5D0E-5376-49F2-BDA3-C447E34F8F40}.Release|x86.Build.0 = Release|x86
		{161BC9C0-30ED-4C66-B66A-FE92676739D0}.Debug|Any CPU.ActiveCfg = Debug|Any CPU
		{161BC9C0-30ED-4C66-B66A-FE92676739D0}.Debug|Any CPU.Build.0 = Debug|Any CPU
		{161BC9C0-30ED-4C66-B66A-FE92676739D0}.Debug|x86.ActiveCfg = Debug|Any CPU
		{161BC9C0-30ED-4C66-B66A-FE92676739D0}.Debug|x86.Build.0 = Debug|Any CPU
		{161BC9C0-30ED-4C66-B66A-FE92676739D0}.Release|Any CPU.ActiveCfg = Release|Any CPU
		{161BC9C0-30ED-4C66-B66A-FE92676739D0}.Release|Any CPU.Build.0 = Release|Any CPU
		{161BC9C0-30ED-4C66-B66A-FE92676739D0}.Release|x86.ActiveCfg = Release|Any CPU
		{161BC9C0-30ED-4C66-B66A-FE92676739D0}.Release|x86.Build.0 = Release|Any CPU
	EndGlobalSection
	GlobalSection(SolutionProperties) = preSolution
		HideSolutionNode = FALSE
	EndGlobalSection
EndGlobal
